
Microsoft Visual Studio Solution File, Format Version 12.00
# Visual Studio Version 17
VisualStudioVersion = 17.0.31903.59
MinimumVisualStudioVersion = 10.0.40219.1
Project("{8BC9CEB8-8B4A-11D0-8D11-00A0C91BC942}") = "calculator 2.0", "calculator 2.0\calculator 2.0.vcxproj", "{A8686CDA-9AE5-4719-A570-CB47C98E96BB}"
EndProject
Global
	GlobalSection(SolutionConfigurationPlatforms) = preSolution
		Debug|x64 = Debug|x64
		Debug|x86 = Debug|x86
		Release|x64 = Release|x64
		Release|x86 = Release|x86
	EndGlobalSection
	GlobalSection(ProjectConfigurationPlatforms) = postSolution
		{A8686CDA-9AE5-4719-A570-CB47C98E96BB}.Debug|x64.ActiveCfg = Debug|x64
		{A8686CDA-9AE5-4719-A570-CB47C98E96BB}.Debug|x64.Build.0 = Debug|x64
		{A8686CDA-9AE5-4719-A570-CB47C98E96BB}.Debug|x86.ActiveCfg = Debug|Win32
		{A8686CDA-9AE5-4719-A570-CB47C98E96BB}.Debug|x86.Build.0 = Debug|Win32
		{A8686CDA-9AE5-4719-A570-CB47C98E96BB}.Release|x64.ActiveCfg = Release|x64
		{A8686CDA-9AE5-4719-A570-CB47C98E96BB}.Release|x64.Build.0 = Release|x64
		{A8686CDA-9AE5-4719-A570-CB47C98E96BB}.Release|x86.ActiveCfg = Release|Win32
		{A8686CDA-9AE5-4719-A570-CB47C98E96BB}.Release|x86.Build.0 = Release|Win32
	EndGlobalSection
	GlobalSection(SolutionProperties) = preSolution
		HideSolutionNode = FALSE
	EndGlobalSection
	GlobalSection(ExtensibilityGlobals) = postSolution
		SolutionGuid = {5169AADD-99B2-435D-BC31-AC4F2F68F1C1}
	EndGlobalSection
EndGlobal
