
Microsoft Visual Studio Solution File, Format Version 12.00
# Visual Studio Version 17
VisualStudioVersion = 17.0.31903.59
MinimumVisualStudioVersion = 10.0.40219.1
Project("{8BC9CEB8-8B4A-11D0-8D11-00A0C91BC942}") = "calculator 3.0", "calculator 3.0\calculator 3.0.vcxproj", "{B24532CC-5C1D-49C9-9BDF-341C1A5D014B}"
EndProject
Global
	GlobalSection(SolutionConfigurationPlatforms) = preSolution
		Debug|x64 = Debug|x64
		Debug|x86 = Debug|x86
		Release|x64 = Release|x64
		Release|x86 = Release|x86
	EndGlobalSection
	GlobalSection(ProjectConfigurationPlatforms) = postSolution
		{B24532CC-5C1D-49C9-9BDF-341C1A5D014B}.Debug|x64.ActiveCfg = Debug|x64
		{B24532CC-5C1D-49C9-9BDF-341C1A5D014B}.Debug|x64.Build.0 = Debug|x64
		{B24532CC-5C1D-49C9-9BDF-341C1A5D014B}.Debug|x86.ActiveCfg = Debug|Win32
		{B24532CC-5C1D-49C9-9BDF-341C1A5D014B}.Debug|x86.Build.0 = Debug|Win32
		{B24532CC-5C1D-49C9-9BDF-341C1A5D014B}.Release|x64.ActiveCfg = Release|x64
		{B24532CC-5C1D-49C9-9BDF-341C1A5D014B}.Release|x64.Build.0 = Release|x64
		{B24532CC-5C1D-49C9-9BDF-341C1A5D014B}.Release|x86.ActiveCfg = Release|Win32
		{B24532CC-5C1D-49C9-9BDF-341C1A5D014B}.Release|x86.Build.0 = Release|Win32
	EndGlobalSection
	GlobalSection(SolutionProperties) = preSolution
		HideSolutionNode = FALSE
	EndGlobalSection
	GlobalSection(ExtensibilityGlobals) = postSolution
		SolutionGuid = {48B6C1D2-BFBE-4224-9942-062088F1A415}
	EndGlobalSection
EndGlobal
